
Microsoft Visual Studio Solution File, Format Version 12.00
# Visual Studio Version 16
VisualStudioVersion = 16.0.30114.105
MinimumVisualStudioVersion = 10.0.40219.1
Project("{FAE04EC0-301F-11D3-BF4B-00C04F79EFBC}") = "API", "API\API.csproj", "{F76E8AAD-C500-4081-99B9-644A109ADFC6}"
EndProject
Project("{FAE04EC0-301F-11D3-BF4B-00C04F79EFBC}") = "Application", "Application\Application.csproj", "{933B9229-8DF3-4BE6-BA93-49AE57B90326}"
EndProject
Project("{FAE04EC0-301F-11D3-BF4B-00C04F79EFBC}") = "Domain", "Domain\Domain.csproj", "{7517AA15-E4E3-4DC7-86CD-2FF880A51FEF}"
EndProject
Project("{FAE04EC0-301F-11D3-BF4B-00C04F79EFBC}") = "Persistence", "Persistence\Persistence.csproj", "{2D441D1A-9916-4916-86CF-17C70EBBBBEE}"
EndProject
Project("{FAE04EC0-301F-11D3-BF4B-00C04F79EFBC}") = "Infrastructure", "Infrastructure\Infrastructure.csproj", "{10FBCD30-DF5D-4EDE-9ECD-2FD9FBAB1DB0}"
EndProject
Global
	GlobalSection(SolutionConfigurationPlatforms) = preSolution
		Debug|Any CPU = Debug|Any CPU
		Release|Any CPU = Release|Any CPU
	EndGlobalSection
	GlobalSection(SolutionProperties) = preSolution
		HideSolutionNode = FALSE
	EndGlobalSection
	GlobalSection(ProjectConfigurationPlatforms) = postSolution
		{F76E8AAD-C500-4081-99B9-644A109ADFC6}.Debug|Any CPU.ActiveCfg = Debug|Any CPU
		{F76E8AAD-C500-4081-99B9-644A109ADFC6}.Debug|Any CPU.Build.0 = Debug|Any CPU
		{F76E8AAD-C500-4081-99B9-644A109ADFC6}.Release|Any CPU.ActiveCfg = Release|Any CPU
		{F76E8AAD-C500-4081-99B9-644A109ADFC6}.Release|Any CPU.Build.0 = Release|Any CPU
		{933B9229-8DF3-4BE6-BA93-49AE57B90326}.Debug|Any CPU.ActiveCfg = Debug|Any CPU
		{933B9229-8DF3-4BE6-BA93-49AE57B90326}.Debug|Any CPU.Build.0 = Debug|Any CPU
		{933B9229-8DF3-4BE6-BA93-49AE57B90326}.Release|Any CPU.ActiveCfg = Release|Any CPU
		{933B9229-8DF3-4BE6-BA93-49AE57B90326}.Release|Any CPU.Build.0 = Release|Any CPU
		{7517AA15-E4E3-4DC7-86CD-2FF880A51FEF}.Debug|Any CPU.ActiveCfg = Debug|Any CPU
		{7517AA15-E4E3-4DC7-86CD-2FF880A51FEF}.Debug|Any CPU.Build.0 = Debug|Any CPU
		{7517AA15-E4E3-4DC7-86CD-2FF880A51FEF}.Release|Any CPU.ActiveCfg = Release|Any CPU
		{7517AA15-E4E3-4DC7-86CD-2FF880A51FEF}.Release|Any CPU.Build.0 = Release|Any CPU
		{2D441D1A-9916-4916-86CF-17C70EBBBBEE}.Debug|Any CPU.ActiveCfg = Debug|Any CPU
		{2D441D1A-9916-4916-86CF-17C70EBBBBEE}.Debug|Any CPU.Build.0 = Debug|Any CPU
		{2D441D1A-9916-4916-86CF-17C70EBBBBEE}.Release|Any CPU.ActiveCfg = Release|Any CPU
		{2D441D1A-9916-4916-86CF-17C70EBBBBEE}.Release|Any CPU.Build.0 = Release|Any CPU
		{10FBCD30-DF5D-4EDE-9ECD-2FD9FBAB1DB0}.Debug|Any CPU.ActiveCfg = Debug|Any CPU
		{10FBCD30-DF5D-4EDE-9ECD-2FD9FBAB1DB0}.Debug|Any CPU.Build.0 = Debug|Any CPU
		{10FBCD30-DF5D-4EDE-9ECD-2FD9FBAB1DB0}.Release|Any CPU.ActiveCfg = Release|Any CPU
		{10FBCD30-DF5D-4EDE-9ECD-2FD9FBAB1DB0}.Release|Any CPU.Build.0 = Release|Any CPU
	EndGlobalSection
EndGlobal
